
Microsoft Visual Studio Solution File, Format Version 12.00
# Visual Studio Version 16
VisualStudioVersion = 16.0.31424.327
MinimumVisualStudioVersion = 10.0.40219.1
Project("{FAE04EC0-301F-11D3-BF4B-00C04F79EFBC}") = "Foodirkeeper.Android", "Foodirkeeper\Foodirkeeper.Android\Foodirkeeper.Android.csproj", "{3D148334-DE1B-40B8-8B72-2CB9159E7CCC}"
EndProject
Project("{FAE04EC0-301F-11D3-BF4B-00C04F79EFBC}") = "Foodirkeeper.iOS", "Foodirkeeper\Foodirkeeper.iOS\Foodirkeeper.iOS.csproj", "{64A47668-181F-4BB7-BF26-FE99F5381385}"
EndProject
Project("{FAE04EC0-301F-11D3-BF4B-00C04F79EFBC}") = "Foodirkeeper", "Foodirkeeper\Foodirkeeper\Foodirkeeper.csproj", "{AFD9F805-4777-4E4D-A616-8B9F0DA6DAC9}"
EndProject
Global
	GlobalSection(SolutionConfigurationPlatforms) = preSolution
		Debug|Any CPU = Debug|Any CPU
		Debug|iPhone = Debug|iPhone
		Debug|iPhoneSimulator = Debug|iPhoneSimulator
		Release|Any CPU = Release|Any CPU
		Release|iPhone = Release|iPhone
		Release|iPhoneSimulator = Release|iPhoneSimulator
	EndGlobalSection
	GlobalSection(ProjectConfigurationPlatforms) = postSolution
		{3D148334-DE1B-40B8-8B72-2CB9159E7CCC}.Debug|Any CPU.ActiveCfg = Debug|Any CPU
		{3D148334-DE1B-40B8-8B72-2CB9159E7CCC}.Debug|Any CPU.Build.0 = Debug|Any CPU
		{3D148334-DE1B-40B8-8B72-2CB9159E7CCC}.Debug|Any CPU.Deploy.0 = Debug|Any CPU
		{3D148334-DE1B-40B8-8B72-2CB9159E7CCC}.Debug|iPhone.ActiveCfg = Debug|Any CPU
		{3D148334-DE1B-40B8-8B72-2CB9159E7CCC}.Debug|iPhone.Build.0 = Debug|Any CPU
		{3D148334-DE1B-40B8-8B72-2CB9159E7CCC}.Debug|iPhone.Deploy.0 = Debug|Any CPU
		{3D148334-DE1B-40B8-8B72-2CB9159E7CCC}.Debug|iPhoneSimulator.ActiveCfg = Debug|Any CPU
		{3D148334-DE1B-40B8-8B72-2CB9159E7CCC}.Debug|iPhoneSimulator.Build.0 = Debug|Any CPU
		{3D148334-DE1B-40B8-8B72-2CB9159E7CCC}.Debug|iPhoneSimulator.Deploy.0 = Debug|Any CPU
		{3D148334-DE1B-40B8-8B72-2CB9159E7CCC}.Release|Any CPU.ActiveCfg = Release|Any CPU
		{3D148334-DE1B-40B8-8B72-2CB9159E7CCC}.Release|Any CPU.Build.0 = Release|Any CPU
		{3D148334-DE1B-40B8-8B72-2CB9159E7CCC}.Release|Any CPU.Deploy.0 = Release|Any CPU
		{3D148334-DE1B-40B8-8B72-2CB9159E7CCC}.Release|iPhone.ActiveCfg = Release|Any CPU
		{3D148334-DE1B-40B8-8B72-2CB9159E7CCC}.Release|iPhone.Build.0 = Release|Any CPU
		{3D148334-DE1B-40B8-8B72-2CB9159E7CCC}.Release|iPhone.Deploy.0 = Release|Any CPU
		{3D148334-DE1B-40B8-8B72-2CB9159E7CCC}.Release|iPhoneSimulator.ActiveCfg = Release|Any CPU
		{3D148334-DE1B-40B8-8B72-2CB9159E7CCC}.Release|iPhoneSimulator.Build.0 = Release|Any CPU
		{3D148334-DE1B-40B8-8B72-2CB9159E7CCC}.Release|iPhoneSimulator.Deploy.0 = Release|Any CPU
		{64A47668-181F-4BB7-BF26-FE99F5381385}.Debug|Any CPU.ActiveCfg = Debug|iPhone
		{64A47668-181F-4BB7-BF26-FE99F5381385}.Debug|Any CPU.Build.0 = Debug|iPhone
		{64A47668-181F-4BB7-BF26-FE99F5381385}.Debug|Any CPU.Deploy.0 = Debug|iPhone
		{64A47668-181F-4BB7-BF26-FE99F5381385}.Debug|iPhone.ActiveCfg = Debug|iPhone
		{64A47668-181F-4BB7-BF26-FE99F5381385}.Debug|iPhone.Build.0 = Debug|iPhone
		{64A47668-181F-4BB7-BF26-FE99F5381385}.Debug|iPhone.Deploy.0 = Debug|iPhone
		{64A47668-181F-4BB7-BF26-FE99F5381385}.Debug|iPhoneSimulator.ActiveCfg = Debug|iPhoneSimulator
		{64A47668-181F-4BB7-BF26-FE99F5381385}.Debug|iPhoneSimulator.Build.0 = Debug|iPhoneSimulator
		{64A47668-181F-4BB7-BF26-FE99F5381385}.Debug|iPhoneSimulator.Deploy.0 = Debug|iPhoneSimulator
		{64A47668-181F-4BB7-BF26-FE99F5381385}.Release|Any CPU.ActiveCfg = Release|iPhoneSimulator
		{64A47668-181F-4BB7-BF26-FE99F5381385}.Release|Any CPU.Build.0 = Release|iPhoneSimulator
		{64A47668-181F-4BB7-BF26-FE99F5381385}.Release|Any CPU.Deploy.0 = Release|iPhoneSimulator
		{64A47668-181F-4BB7-BF26-FE99F5381385}.Release|iPhone.ActiveCfg = Release|iPhone
		{64A47668-181F-4BB7-BF26-FE99F5381385}.Release|iPhone.Build.0 = Release|iPhone
		{64A47668-181F-4BB7-BF26-FE99F5381385}.Release|iPhone.Deploy.0 = Release|iPhone
		{64A47668-181F-4BB7-BF26-FE99F5381385}.Release|iPhoneSimulator.ActiveCfg = Release|iPhoneSimulator
		{64A47668-181F-4BB7-BF26-FE99F5381385}.Release|iPhoneSimulator.Build.0 = Release|iPhoneSimulator
		{64A47668-181F-4BB7-BF26-FE99F5381385}.Release|iPhoneSimulator.Deploy.0 = Release|iPhoneSimulator
		{AFD9F805-4777-4E4D-A616-8B9F0DA6DAC9}.Debug|Any CPU.ActiveCfg = Debug|Any CPU
		{AFD9F805-4777-4E4D-A616-8B9F0DA6DAC9}.Debug|Any CPU.Build.0 = Debug|Any CPU
		{AFD9F805-4777-4E4D-A616-8B9F0DA6DAC9}.Debug|Any CPU.Deploy.0 = Debug|Any CPU
		{AFD9F805-4777-4E4D-A616-8B9F0DA6DAC9}.Debug|iPhone.ActiveCfg = Debug|Any CPU
		{AFD9F805-4777-4E4D-A616-8B9F0DA6DAC9}.Debug|iPhone.Build.0 = Debug|Any CPU
		{AFD9F805-4777-4E4D-A616-8B9F0DA6DAC9}.Debug|iPhone.Deploy.0 = Debug|Any CPU
		{AFD9F805-4777-4E4D-A616-8B9F0DA6DAC9}.Debug|iPhoneSimulator.ActiveCfg = Debug|Any CPU
		{AFD9F805-4777-4E4D-A616-8B9F0DA6DAC9}.Debug|iPhoneSimulator.Build.0 = Debug|Any CPU
		{AFD9F805-4777-4E4D-A616-8B9F0DA6DAC9}.Debug|iPhoneSimulator.Deploy.0 = Debug|Any CPU
		{AFD9F805-4777-4E4D-A616-8B9F0DA6DAC9}.Release|Any CPU.ActiveCfg = Release|Any CPU
		{AFD9F805-4777-4E4D-A616-8B9F0DA6DAC9}.Release|Any CPU.Build.0 = Release|Any CPU
		{AFD9F805-4777-4E4D-A616-8B9F0DA6DAC9}.Release|Any CPU.Deploy.0 = Release|Any CPU
		{AFD9F805-4777-4E4D-A616-8B9F0DA6DAC9}.Release|iPhone.ActiveCfg = Release|Any CPU
		{AFD9F805-4777-4E4D-A616-8B9F0DA6DAC9}.Release|iPhone.Build.0 = Release|Any CPU
		{AFD9F805-4777-4E4D-A616-8B9F0DA6DAC9}.Release|iPhone.Deploy.0 = Release|Any CPU
		{AFD9F805-4777-4E4D-A616-8B9F0DA6DAC9}.Release|iPhoneSimulator.ActiveCfg = Release|Any CPU
		{AFD9F805-4777-4E4D-A616-8B9F0DA6DAC9}.Release|iPhoneSimulator.Build.0 = Release|Any CPU
		{AFD9F805-4777-4E4D-A616-8B9F0DA6DAC9}.Release|iPhoneSimulator.Deploy.0 = Release|Any CPU
	EndGlobalSection
	GlobalSection(SolutionProperties) = preSolution
		HideSolutionNode = FALSE
	EndGlobalSection
	GlobalSection(ExtensibilityGlobals) = postSolution
		SolutionGuid = {5E5CA898-88E2-4CB3-AB02-BB5F4E10785C}
	EndGlobalSection
EndGlobal
